
Microsoft Visual Studio Solution File, Format Version 12.00
# Visual Studio Version 16
VisualStudioVersion = 16.0.30406.217
MinimumVisualStudioVersion = 10.0.40219.1
Project("{9A19103F-16F7-4668-BE54-9A1E7A4F7556}") = "CurrencyCalculator", "CurrencyCalculator\CurrencyCalculator.csproj", "{72B41088-A4AD-405C-BD61-E2E0AED9A08A}"
EndProject
Project("{FAE04EC0-301F-11D3-BF4B-00C04F79EFBC}") = "ReactiveSandbox", "ReactiveSandbox\ReactiveSandbox.csproj", "{5D133BA6-D209-4E53-B798-05210DBE129E}"
EndProject
Global
	GlobalSection(SolutionConfigurationPlatforms) = preSolution
		Debug|Any CPU = Debug|Any CPU
		Release|Any CPU = Release|Any CPU
	EndGlobalSection
	GlobalSection(ProjectConfigurationPlatforms) = postSolution
		{72B41088-A4AD-405C-BD61-E2E0AED9A08A}.Debug|Any CPU.ActiveCfg = Debug|Any CPU
		{72B41088-A4AD-405C-BD61-E2E0AED9A08A}.Debug|Any CPU.Build.0 = Debug|Any CPU
		{72B41088-A4AD-405C-BD61-E2E0AED9A08A}.Release|Any CPU.ActiveCfg = Release|Any CPU
		{72B41088-A4AD-405C-BD61-E2E0AED9A08A}.Release|Any CPU.Build.0 = Release|Any CPU
		{5D133BA6-D209-4E53-B798-05210DBE129E}.Debug|Any CPU.ActiveCfg = Debug|Any CPU
		{5D133BA6-D209-4E53-B798-05210DBE129E}.Debug|Any CPU.Build.0 = Debug|Any CPU
		{5D133BA6-D209-4E53-B798-05210DBE129E}.Release|Any CPU.ActiveCfg = Release|Any CPU
		{5D133BA6-D209-4E53-B798-05210DBE129E}.Release|Any CPU.Build.0 = Release|Any CPU
	EndGlobalSection
	GlobalSection(SolutionProperties) = preSolution
		HideSolutionNode = FALSE
	EndGlobalSection
	GlobalSection(ExtensibilityGlobals) = postSolution
		SolutionGuid = {EEA422E2-A8E4-4718-A2C8-07653CEFFDB4}
	EndGlobalSection
EndGlobal
